
Microsoft Visual Studio Solution File, Format Version 12.00
# Visual Studio Version 16
VisualStudioVersion = 16.0.29102.190
MinimumVisualStudioVersion = 10.0.40219.1
Project("{FAE04EC0-301F-11D3-BF4B-00C04F79EFBC}") = "CRUD", "CRUD\CRUD.csproj", "{C9028226-EEDF-48BB-A941-622EEFEFF900}"
EndProject
Global
	GlobalSection(SolutionConfigurationPlatforms) = preSolution
		Debug|Any CPU = Debug|Any CPU
		Release|Any CPU = Release|Any CPU
	EndGlobalSection
	GlobalSection(ProjectConfigurationPlatforms) = postSolution
		{C9028226-EEDF-48BB-A941-622EEFEFF900}.Debug|Any CPU.ActiveCfg = Debug|Any CPU
		{C9028226-EEDF-48BB-A941-622EEFEFF900}.Debug|Any CPU.Build.0 = Debug|Any CPU
		{C9028226-EEDF-48BB-A941-622EEFEFF900}.Release|Any CPU.ActiveCfg = Release|Any CPU
		{C9028226-EEDF-48BB-A941-622EEFEFF900}.Release|Any CPU.Build.0 = Release|Any CPU
	EndGlobalSection
	GlobalSection(SolutionProperties) = preSolution
		HideSolutionNode = FALSE
	EndGlobalSection
	GlobalSection(ExtensibilityGlobals) = postSolution
		SolutionGuid = {C724508E-8E49-4C26-9E84-9FDF051618CF}
	EndGlobalSection
EndGlobal
